Microsoft Visual Studio Solution File, Format Version 12.00
# Visual Studio Version 17
VisualStudioVersion = 17.5.2.0
MinimumVisualStudioVersion = 10.0.40219.1
Project("{FAE04EC0-301F-11D3-BF4B-00C04F79EFBC}") = "PvtLtdCompanyRegistrationSystem", "PvtLtdCompanyRegistrationSystem.csproj", "{57481E7C-B43F-446C-1E06-9603340790DF}"
EndProject
Global
	GlobalSection(SolutionConfigurationPlatforms) = preSolution
		Debug|Any CPU = Debug|Any CPU
		Release|Any CPU = Release|Any CPU
	EndGlobalSection
	GlobalSection(ProjectConfigurationPlatforms) = postSolution
		{57481E7C-B43F-446C-1E06-9603340790DF}.Debug|Any CPU.ActiveCfg = Debug|Any CPU
		{57481E7C-B43F-446C-1E06-9603340790DF}.Debug|Any CPU.Build.0 = Debug|Any CPU
		{57481E7C-B43F-446C-1E06-9603340790DF}.Release|Any CPU.ActiveCfg = Release|Any CPU
		{57481E7C-B43F-446C-1E06-9603340790DF}.Release|Any CPU.Build.0 = Release|Any CPU
	EndGlobalSection
	GlobalSection(SolutionProperties) = preSolution
		HideSolutionNode = FALSE
	EndGlobalSection
	GlobalSection(ExtensibilityGlobals) = postSolution
		SolutionGuid = {853D358F-BBAC-4634-80CB-6EC848C4C061}
	EndGlobalSection
EndGlobal
